
Microsoft Visual Studio Solution File, Format Version 12.00
# Visual Studio Version 17
VisualStudioVersion = 17.0.32126.317
MinimumVisualStudioVersion = 10.0.40219.1
Project("{8BC9CEB8-8B4A-11D0-8D11-00A0C91BC942}") = "pain_paint", "pain_paint.vcxproj", "{F345A042-3428-4990-8D96-C3C14876C21E}"
EndProject
Global
	GlobalSection(SolutionConfigurationPlatforms) = preSolution
		Debug|x64 = Debug|x64
		Debug|x86 = Debug|x86
		Release|x64 = Release|x64
		Release|x86 = Release|x86
	EndGlobalSection
	GlobalSection(ProjectConfigurationPlatforms) = postSolution
		{F345A042-3428-4990-8D96-C3C14876C21E}.Debug|x64.ActiveCfg = Debug|x64
		{F345A042-3428-4990-8D96-C3C14876C21E}.Debug|x64.Build.0 = Debug|x64
		{F345A042-3428-4990-8D96-C3C14876C21E}.Debug|x86.ActiveCfg = Debug|Win32
		{F345A042-3428-4990-8D96-C3C14876C21E}.Debug|x86.Build.0 = Debug|Win32
		{F345A042-3428-4990-8D96-C3C14876C21E}.Release|x64.ActiveCfg = Release|x64
		{F345A042-3428-4990-8D96-C3C14876C21E}.Release|x64.Build.0 = Release|x64
		{F345A042-3428-4990-8D96-C3C14876C21E}.Release|x86.ActiveCfg = Release|Win32
		{F345A042-3428-4990-8D96-C3C14876C21E}.Release|x86.Build.0 = Release|Win32
	EndGlobalSection
	GlobalSection(SolutionProperties) = preSolution
		HideSolutionNode = FALSE
	EndGlobalSection
	GlobalSection(ExtensibilityGlobals) = postSolution
		SolutionGuid = {95A3098F-90F2-4E9E-8E36-3C06327731DB}
	EndGlobalSection
EndGlobal
